// !$*UTF8*$!
{
	archiveVersion = 1;
	classes = {
	};
	objectVersion = 46;
	objects = {

/* Begin PBXBuildFile section */
		C5247AFB22296C3E00B5BDB1 /* main.m in Sources */ = {isa = PBXBuildFile; fileRef = C5247AF822296C3E00B5BDB1 /* main.m */; };
		C5247B24222990CE00B5BDB1 /* nav-bookmarks-off.png in Resources */ = {isa = PBXBuildFile; fileRef = C5247B1A222990CE00B5BDB1 /* nav-bookmarks-off.png */; };
		C5247B25222990CE00B5BDB1 /* nav-bookmarks-on.png in Resources */ = {isa = PBXBuildFile; fileRef = C5247B1B222990CE00B5BDB1 /* nav-bookmarks-on.png */; };
		C5247B26222990CE00B5BDB1 /* nav-history-off.png in Resources */ = {isa = PBXBuildFile; fileRef = C5247B1C222990CE00B5BDB1 /* nav-history-off.png */; };
		C5247B27222990CE00B5BDB1 /* nav-history-on.png in Resources */ = {isa = PBXBuildFile; fileRef = C5247B1D222990CE00B5BDB1 /* nav-history-on.png */; };
		C5247B28222990CE00B5BDB1 /* nav-reader-off.png in Resources */ = {isa = PBXBuildFile; fileRef = C5247B1E222990CE00B5BDB1 /* nav-reader-off.png */; };
		C5247B29222990CE00B5BDB1 /* nav-reader-on.png in Resources */ = {isa = PBXBuildFile; fileRef = C5247B1F222990CE00B5BDB1 /* nav-reader-on.png */; };
		C5247B2A222990CE00B5BDB1 /* nav-settings-off.png in Resources */ = {isa = PBXBuildFile; fileRef = C5247B20222990CE00B5BDB1 /* nav-settings-off.png */; };
		C5247B2B222990CE00B5BDB1 /* nav-settings-on.png in Resources */ = {isa = PBXBuildFile; fileRef = C5247B21222990CE00B5BDB1 /* nav-settings-on.png */; };
		C5247B2C222990CE00B5BDB1 /* nav-tabs-off.png in Resources */ = {isa = PBXBuildFile; fileRef = C5247B22222990CE00B5BDB1 /* nav-tabs-off.png */; };
		C5247B2D222990CE00B5BDB1 /* nav-tabs-on.png in Resources */ = {isa = PBXBuildFile; fileRef = C5247B23222990CE00B5BDB1 /* nav-tabs-on.png */; };
		C5279C9C22293C7E00D1F0E0 /* icon.png in Resources */ = {isa = PBXBuildFile; fileRef = C5279C9A22293C7E00D1F0E0 /* icon.png */; };
		C5279CBD22293E3500D1F0E0 /* MKAnnotationView+WebCache.m in Sources */ = {isa = PBXBuildFile; fileRef = C5279C9F22293E3500D1F0E0 /* MKAnnotationView+WebCache.m */; };
		C5279CBE22293E3500D1F0E0 /* NSData+ImageContentType.m in Sources */ = {isa = PBXBuildFile; fileRef = C5279CA122293E3500D1F0E0 /* NSData+ImageContentType.m */; };
		C5279CBF22293E3500D1F0E0 /* SDImageCache.m in Sources */ = {isa = PBXBuildFile; fileRef = C5279CA322293E3500D1F0E0 /* SDImageCache.m */; };
		C5279CC022293E3500D1F0E0 /* SDWebImageCompat.m in Sources */ = {isa = PBXBuildFile; fileRef = C5279CA522293E3500D1F0E0 /* SDWebImageCompat.m */; };
		C5279CC122293E3500D1F0E0 /* SDWebImageDecoder.m in Sources */ = {isa = PBXBuildFile; fileRef = C5279CA722293E3500D1F0E0 /* SDWebImageDecoder.m */; };
		C5279CC222293E3500D1F0E0 /* SDWebImageDownloader.m in Sources */ = {isa = PBXBuildFile; fileRef = C5279CA922293E3500D1F0E0 /* SDWebImageDownloader.m */; };
		C5279CC322293E3500D1F0E0 /* SDWebImageDownloaderOperation.m in Sources */ = {isa = PBXBuildFile; fileRef = C5279CAB22293E3500D1F0E0 /* SDWebImageDownloaderOperation.m */; };
		C5279CC422293E3500D1F0E0 /* SDWebImageManager.m in Sources */ = {isa = PBXBuildFile; fileRef = C5279CAD22293E3500D1F0E0 /* SDWebImageManager.m */; };
		C5279CC522293E3500D1F0E0 /* SDWebImagePrefetcher.m in Sources */ = {isa = PBXBuildFile; fileRef = C5279CB022293E3500D1F0E0 /* SDWebImagePrefetcher.m */; };
		C5279CC622293E3500D1F0E0 /* UIButton+WebCache.m in Sources */ = {isa = PBXBuildFile; fileRef = C5279CB222293E3500D1F0E0 /* UIButton+WebCache.m */; };
		C5279CC722293E3500D1F0E0 /* UIImage+GIF.m in Sources */ = {isa = PBXBuildFile; fileRef = C5279CB422293E3500D1F0E0 /* UIImage+GIF.m */; };
		C5279CC822293E3500D1F0E0 /* UIImage+MultiFormat.m in Sources */ = {isa = PBXBuildFile; fileRef = C5279CB622293E3500D1F0E0 /* UIImage+MultiFormat.m */; };
		C5279CC922293E3500D1F0E0 /* UIImage+WebP.m in Sources */ = {isa = PBXBuildFile; fileRef = C5279CB822293E3500D1F0E0 /* UIImage+WebP.m */; };
		C5279CCA22293E3500D1F0E0 /* UIImageView+HighlightedWebCache.m in Sources */ = {isa = PBXBuildFile; fileRef = C5279CBA22293E3500D1F0E0 /* UIImageView+HighlightedWebCache.m */; };
		C5279CCB22293E3500D1F0E0 /* UIImageView+WebCache.m in Sources */ = {isa = PBXBuildFile; fileRef = C5279CBC22293E3500D1F0E0 /* UIImageView+WebCache.m */; };
		C5279CD822293E9E00D1F0E0 /* Example2PieView.m in Sources */ = {isa = PBXBuildFile; fileRef = C5279CCE22293E9E00D1F0E0 /* Example2PieView.m */; };
		C5279CD922293E9E00D1F0E0 /* MyPieElement.m in Sources */ = {isa = PBXBuildFile; fileRef = C5279CD122293E9E00D1F0E0 /* MyPieElement.m */; };
		C5279CDA22293E9E00D1F0E0 /* NSMutableArray+pieEx.m in Sources */ = {isa = PBXBuildFile; fileRef = C5279CD322293E9E00D1F0E0 /* NSMutableArray+pieEx.m */; };
		C5279CDB22293E9E00D1F0E0 /* PieElement.m in Sources */ = {isa = PBXBuildFile; fileRef = C5279CD522293E9E00D1F0E0 /* PieElement.m */; };
		C5279CDC22293E9E00D1F0E0 /* PieLayer.m in Sources */ = {isa = PBXBuildFile; fileRef = C5279CD722293E9E00D1F0E0 /* PieLayer.m */; };
		C5279CEA22293F2E00D1F0E0 /* RMStep.m in Sources */ = {isa = PBXBuildFile; fileRef = C5279CE522293F2E00D1F0E0 /* RMStep.m */; };
		C5279CEB22293F2E00D1F0E0 /* RMStepsBar.m in Sources */ = {isa = PBXBuildFile; fileRef = C5279CE722293F2E00D1F0E0 /* RMStepsBar.m */; };
		C5279CEC22293F2E00D1F0E0 /* RMStepsController.m in Sources */ = {isa = PBXBuildFile; fileRef = C5279CE922293F2E00D1F0E0 /* RMStepsController.m */; };
		C5279CF422293F8300D1F0E0 /* NSString+Hash.m in Sources */ = {isa = PBXBuildFile; fileRef = C5279CF322293F8300D1F0E0 /* NSString+Hash.m */; };
		C5279CFB22293FD700D1F0E0 /* MBProgressHUD+MJ.m in Sources */ = {isa = PBXBuildFile; fileRef = C5279CF722293FD700D1F0E0 /* MBProgressHUD+MJ.m */; };
		C5279CFC22293FD700D1F0E0 /* MBProgressHUD.bundle in Resources */ = {isa = PBXBuildFile; fileRef = C5279CF822293FD700D1F0E0 /* MBProgressHUD.bundle */; };
		C5279CFD22293FD700D1F0E0 /* MBProgressHUD.m in Sources */ = {isa = PBXBuildFile; fileRef = C5279CFA22293FD700D1F0E0 /* MBProgressHUD.m */; };
		C5279D042229404200D1F0E0 /* GDataXMLNode.m in Sources */ = {isa = PBXBuildFile; fileRef = C5279D002229404200D1F0E0 /* GDataXMLNode.m */; settings = {COMPILER_FLAGS = "-fno-objc-arc -w"; }; };
		C5279D052229404200D1F0E0 /* UIView+Extension.m in Sources */ = {isa = PBXBuildFile; fileRef = C5279D032229404200D1F0E0 /* UIView+Extension.m */; };
		C5279D132229406600D1F0E0 /* ioapi.c in Sources */ = {isa = PBXBuildFile; fileRef = C5279D092229406600D1F0E0 /* ioapi.c */; settings = {COMPILER_FLAGS = "-w"; }; };
		C5279D142229406600D1F0E0 /* mztools.c in Sources */ = {isa = PBXBuildFile; fileRef = C5279D0B2229406600D1F0E0 /* mztools.c */; };
		C5279D152229406600D1F0E0 /* unzip.c in Sources */ = {isa = PBXBuildFile; fileRef = C5279D0D2229406600D1F0E0 /* unzip.c */; };
		C5279D162229406600D1F0E0 /* zip.c in Sources */ = {isa = PBXBuildFile; fileRef = C5279D0F2229406600D1F0E0 /* zip.c */; };
		C5279D172229406600D1F0E0 /* SSZipArchive.m in Sources */ = {isa = PBXBuildFile; fileRef = C5279D122229406600D1F0E0 /* SSZipArchive.m */; settings = {COMPILER_FLAGS = "-w"; }; };
		C5279D192229407200D1F0E0 /* libz.dylib in Frameworks */ = {isa = PBXBuildFile; fileRef = C5279D182229407200D1F0E0 /* libz.dylib */; };
		C5279D1B222940A500D1F0E0 /* libxml2.dylib in Frameworks */ = {isa = PBXBuildFile; fileRef = C5279D1A222940A500D1F0E0 /* libxml2.dylib */; };
		C5279D342229436100D1F0E0 /* ASIAuthenticationDialog.m in Sources */ = {isa = PBXBuildFile; fileRef = C5279D1E2229436100D1F0E0 /* ASIAuthenticationDialog.m */; settings = {COMPILER_FLAGS = "-fno-objc-arc"; }; };
		C5279D352229436100D1F0E0 /* ASIDataCompressor.m in Sources */ = {isa = PBXBuildFile; fileRef = C5279D212229436100D1F0E0 /* ASIDataCompressor.m */; settings = {COMPILER_FLAGS = "-fno-objc-arc"; }; };
		C5279D362229436100D1F0E0 /* ASIDataDecompressor.m in Sources */ = {isa = PBXBuildFile; fileRef = C5279D232229436100D1F0E0 /* ASIDataDecompressor.m */; settings = {COMPILER_FLAGS = "-fno-objc-arc"; }; };
		C5279D372229436100D1F0E0 /* ASIDownloadCache.m in Sources */ = {isa = PBXBuildFile; fileRef = C5279D252229436100D1F0E0 /* ASIDownloadCache.m */; settings = {COMPILER_FLAGS = "-fno-objc-arc"; }; };
		C5279D382229436100D1F0E0 /* ASIFormDataRequest.m in Sources */ = {isa = PBXBuildFile; fileRef = C5279D272229436100D1F0E0 /* ASIFormDataRequest.m */; settings = {COMPILER_FLAGS = "-fno-objc-arc"; }; };
		C5279D392229436100D1F0E0 /* ASIHTTPRequest.m in Sources */ = {isa = PBXBuildFile; fileRef = C5279D292229436100D1F0E0 /* ASIHTTPRequest.m */; settings = {COMPILER_FLAGS = "-fno-objc-arc"; }; };
		C5279D3A2229436100D1F0E0 /* ASIInputStream.m in Sources */ = {isa = PBXBuildFile; fileRef = C5279D2D2229436100D1F0E0 /* ASIInputStream.m */; settings = {COMPILER_FLAGS = "-fno-objc-arc"; }; };
		C5279D3B2229436100D1F0E0 /* ASINetworkQueue.m in Sources */ = {isa = PBXBuildFile; fileRef = C5279D2F2229436100D1F0E0 /* ASINetworkQueue.m */; settings = {COMPILER_FLAGS = "-fno-objc-arc"; }; };
		C5279D3C2229436100D1F0E0 /* Reachability.m in Sources */ = {isa = PBXBuildFile; fileRef = C5279D332229436100D1F0E0 /* Reachability.m */; settings = {COMPILER_FLAGS = "-fno-objc-arc -w"; }; };
		C5279D3E2229442400D1F0E0 /* MobileCoreServices.framework in Frameworks */ = {isa = PBXBuildFile; fileRef = C5279D3D2229442400D1F0E0 /* MobileCoreServices.framework */; };
		C5279D402229443D00D1F0E0 /* SystemConfiguration.framework in Frameworks */ = {isa = PBXBuildFile; fileRef = C5279D3F2229443D00D1F0E0 /* SystemConfiguration.framework */; };
		C5279D44222944C800D1F0E0 /* DACircularProgressView.m in Sources */ = {isa = PBXBuildFile; fileRef = C5279D43222944C800D1F0E0 /* DACircularProgressView.m */; };
		C565BDE2222E335E0096A1FF /* Default@2x.png in Resources */ = {isa = PBXBuildFile; fileRef = C565BDE1222E335E0096A1FF /* Default@2x.png */; };
		C565BE09222E34FB0096A1FF /* ZZAppDelegate.m in Sources */ = {isa = PBXBuildFile; fileRef = C565BE07222E34FB0096A1FF /* ZZAppDelegate.m */; };
		C565BE0C222E35350096A1FF /* UIImage+WB_Extention.m in Sources */ = {isa = PBXBuildFile; fileRef = C565BE0B222E35350096A1FF /* UIImage+WB_Extention.m */; };
		C565BE30222E38E00096A1FF /* Images.xcassets in Resources */ = {isa = PBXBuildFile; fileRef = C565BE2F222E38E00096A1FF /* Images.xcassets */; };
		C565BE36222E3F090096A1FF /* Microblog_Localization.strings in Resources */ = {isa = PBXBuildFile; fileRef = C565BE38222E3F090096A1FF /* Microblog_Localization.strings */; };
		C565BE8E222E51F10096A1FF /* ZZDiscoverViewController.m in Sources */ = {isa = PBXBuildFile; fileRef = C565BE74222E51F10096A1FF /* ZZDiscoverViewController.m */; };
		C565BE8F222E51F10096A1FF /* ZZHomeViewController.m in Sources */ = {isa = PBXBuildFile; fileRef = C565BE7A222E51F10096A1FF /* ZZHomeViewController.m */; };
		C565BE90222E51F10096A1FF /* WBTabBarController.m in Sources */ = {isa = PBXBuildFile; fileRef = C565BE80222E51F10096A1FF /* WBTabBarController.m */; };
		C565BE91222E51F10096A1FF /* ZZMessageViewController.m in Sources */ = {isa = PBXBuildFile; fileRef = C565BE85222E51F10096A1FF /* ZZMessageViewController.m */; };
		C565BE92222E51F10096A1FF /* ZZProfileViewController.m in Sources */ = {isa = PBXBuildFile; fileRef = C565BE8B222E51F10096A1FF /* ZZProfileViewController.m */; };
		C565BE95222E56080096A1FF /* WBMainNavgationController.m in Sources */ = {isa = PBXBuildFile; fileRef = C565BE94222E56080096A1FF /* WBMainNavgationController.m */; };
		C5BDF0E622292917008EAA13 /* Foundation.framework in Frameworks */ = {isa = PBXBuildFile; fileRef = C5BDF0E522292917008EAA13 /* Foundation.framework */; };
		C5BDF0E822292917008EAA13 /* CoreGraphics.framework in Frameworks */ = {isa = PBXBuildFile; fileRef = C5BDF0E722292917008EAA13 /* CoreGraphics.framework */; };
		C5BDF0EA22292917008EAA13 /* UIKit.framework in Frameworks */ = {isa = PBXBuildFile; fileRef = C5BDF0E922292917008EAA13 /* UIKit.framework */; };
		C5BDF0F022292917008EAA13 /* InfoPlist.strings in Resources */ = {isa = PBXBuildFile; fileRef = C5BDF0EE22292917008EAA13 /* InfoPlist.strings */; };
		C5BDF0FF22292917008EAA13 /* XCTest.framework in Frameworks */ = {isa = PBXBuildFile; fileRef = C5BDF0FE22292917008EAA13 /* XCTest.framework */; };
		C5BDF10022292917008EAA13 /* Foundation.framework in Frameworks */ = {isa = PBXBuildFile; fileRef = C5BDF0E522292917008EAA13 /* Foundation.framework */; };
		C5BDF10122292917008EAA13 /* UIKit.framework in Frameworks */ = {isa = PBXBuildFile; fileRef = C5BDF0E922292917008EAA13 /* UIKit.framework */; };
		C5BDF10922292917008EAA13 /* InfoPlist.strings in Resources */ = {isa = PBXBuildFile; fileRef = C5BDF10722292917008EAA13 /* InfoPlist.strings */; };
		C5BDF10B22292917008EAA13 /* iMusicTests.m in Sources */ = {isa = PBXBuildFile; fileRef = C5BDF10A22292917008EAA13 /* iMusicTests.m */; };
/* End PBXBuildFile section */

/* Begin PBXContainerItemProxy section */
		C5BDF10222292917008EAA13 /* PBXContainerItemProxy */ = {
			isa = PBXContainerItemProxy;
			containerPortal = C5BDF0DA22292917008EAA13 /* Project object */;
			proxyType = 1;
			remoteGlobalIDString = C5BDF0E122292917008EAA13;
			remoteInfo = iMusic;
		};
/* End PBXContainerItemProxy section */

/* Begin PBXFileReference section */
		C5247AF822296C3E00B5BDB1 /* main.m */ = {isa = PBXFileReference; fileEncoding = 4; lastKnownFileType = sourcecode.c.objc; path = main.m; sourceTree = "<group>"; };
		C5247B1A222990CE00B5BDB1 /* nav-bookmarks-off.png */ = {isa = PBXFileReference; lastKnownFileType = image.png; path = "nav-bookmarks-off.png"; sourceTree = "<group>"; };
		C5247B1B222990CE00B5BDB1 /* nav-bookmarks-on.png */ = {isa = PBXFileReference; lastKnownFileType = image.png; path = "nav-bookmarks-on.png"; sourceTree = "<group>"; };
		C5247B1C222990CE00B5BDB1 /* nav-history-off.png */ = {isa = PBXFileReference; lastKnownFileType = image.png; path = "nav-history-off.png"; sourceTree = "<group>"; };
		C5247B1D222990CE00B5BDB1 /* nav-history-on.png */ = {isa = PBXFileReference; lastKnownFileType = image.png; path = "nav-history-on.png"; sourceTree = "<group>"; };
		C5247B1E222990CE00B5BDB1 /* nav-reader-off.png */ = {isa = PBXFileReference; lastKnownFileType = image.png; path = "nav-reader-off.png"; sourceTree = "<group>"; };
		C5247B1F222990CE00B5BDB1 /* nav-reader-on.png */ = {isa = PBXFileReference; lastKnownFileType = image.png; path = "nav-reader-on.png"; sourceTree = "<group>"; };
		C5247B20222990CE00B5BDB1 /* nav-settings-off.png */ = {isa = PBXFileReference; lastKnownFileType = image.png; path = "nav-settings-off.png"; sourceTree = "<group>"; };
		C5247B21222990CE00B5BDB1 /* nav-settings-on.png */ = {isa = PBXFileReference; lastKnownFileType = image.png; path = "nav-settings-on.png"; sourceTree = "<group>"; };
		C5247B22222990CE00B5BDB1 /* nav-tabs-off.png */ = {isa = PBXFileReference; lastKnownFileType = image.png; path = "nav-tabs-off.png"; sourceTree = "<group>"; };
		C5247B23222990CE00B5BDB1 /* nav-tabs-on.png */ = {isa = PBXFileReference; lastKnownFileType = image.png; path = "nav-tabs-on.png"; sourceTree = "<group>"; };
		C5279C9A22293C7E00D1F0E0 /* icon.png */ = {isa = PBXFileReference; lastKnownFileType = image.png; path = icon.png; sourceTree = "<group>"; };
		C5279C9E22293E3500D1F0E0 /* MKAnnotationView+WebCache.h */ = {isa = PBXFileReference; fileEncoding = 4; lastKnownFileType = sourcecode.c.h; path = "MKAnnotationView+WebCache.h"; sourceTree = "<group>"; };
		C5279C9F22293E3500D1F0E0 /* MKAnnotationView+WebCache.m */ = {isa = PBXFileReference; fileEncoding = 4; lastKnownFileType = sourcecode.c.objc; path = "MKAnnotationView+WebCache.m"; sourceTree = "<group>"; };
		C5279CA022293E3500D1F0E0 /* NSData+ImageContentType.h */ = {isa = PBXFileReference; fileEncoding = 4; lastKnownFileType = sourcecode.c.h; path = "NSData+ImageContentType.h"; sourceTree = "<group>"; };
		C5279CA122293E3500D1F0E0 /* NSData+ImageContentType.m */ = {isa = PBXFileReference; fileEncoding = 4; lastKnownFileType = sourcecode.c.objc; path = "NSData+ImageContentType.m"; sourceTree = "<group>"; };
		C5279CA222293E3500D1F0E0 /* SDImageCache.h */ = {isa = PBXFileReference; fileEncoding = 4; lastKnownFileType = sourcecode.c.h; path = SDImageCache.h; sourceTree = "<group>"; };
		C5279CA322293E3500D1F0E0 /* SDImageCache.m */ = {isa = PBXFileReference; fileEncoding = 4; lastKnownFileType = sourcecode.c.objc; path = SDImageCache.m; sourceTree = "<group>"; };
		C5279CA422293E3500D1F0E0 /* SDWebImageCompat.h */ = {isa = PBXFileReference; fileEncoding = 4; lastKnownFileType = sourcecode.c.h; path = SDWebImageCompat.h; sourceTree = "<group>"; };
		C5279CA522293E3500D1F0E0 /* SDWebImageCompat.m */ = {isa = PBXFileReference; fileEncoding = 4; lastKnownFileType = sourcecode.c.objc; path = SDWebImageCompat.m; sourceTree = "<group>"; };
		C5279CA622293E3500D1F0E0 /* SDWebImageDecoder.h */ = {isa = PBXFileReference; fileEncoding = 4; lastKnownFileType = sourcecode.c.h; path = SDWebImageDecoder.h; sourceTree = "<group>"; };
		C5279CA722293E3500D1F0E0 /* SDWebImageDecoder.m */ = {isa = PBXFileReference; fileEncoding = 4; lastKnownFileType = sourcecode.c.objc; path = SDWebImageDecoder.m; sourceTree = "<group>"; };
		C5279CA822293E3500D1F0E0 /* SDWebImageDownloader.h */ = {isa = PBXFileReference; fileEncoding = 4; lastKnownFileType = sourcecode.c.h; path = SDWebImageDownloader.h; sourceTree = "<group>"; };
		C5279CA922293E3500D1F0E0 /* SDWebImageDownloader.m */ = {isa = PBXFileReference; fileEncoding = 4; lastKnownFileType = sourcecode.c.objc; path = SDWebImageDownloader.m; sourceTree = "<group>"; };
		C5279CAA22293E3500D1F0E0 /* SDWebImageDownloaderOperation.h */ = {isa = PBXFileReference; fileEncoding = 4; lastKnownFileType = sourcecode.c.h; path = SDWebImageDownloaderOperation.h; sourceTree = "<group>"; };
		C5279CAB22293E3500D1F0E0 /* SDWebImageDownloaderOperation.m */ = {isa = PBXFileReference; fileEncoding = 4; lastKnownFileType = sourcecode.c.objc; path = SDWebImageDownloaderOperation.m; sourceTree = "<group>"; };
		C5279CAC22293E3500D1F0E0 /* SDWebImageManager.h */ = {isa = PBXFileReference; fileEncoding = 4; lastKnownFileType = sourcecode.c.h; path = SDWebImageManager.h; sourceTree = "<group>"; };
		C5279CAD22293E3500D1F0E0 /* SDWebImageManager.m */ = {isa = PBXFileReference; fileEncoding = 4; lastKnownFileType = sourcecode.c.objc; path = SDWebImageManager.m; sourceTree = "<group>"; };
		C5279CAE22293E3500D1F0E0 /* SDWebImageOperation.h */ = {isa = PBXFileReference; fileEncoding = 4; lastKnownFileType = sourcecode.c.h; path = SDWebImageOperation.h; sourceTree = "<group>"; };
		C5279CAF22293E3500D1F0E0 /* SDWebImagePrefetcher.h */ = {isa = PBXFileReference; fileEncoding = 4; lastKnownFileType = sourcecode.c.h; path = SDWebImagePrefetcher.h; sourceTree = "<group>"; };
		C5279CB022293E3500D1F0E0 /* SDWebImagePrefetcher.m */ = {isa = PBXFileReference; fileEncoding = 4; lastKnownFileType = sourcecode.c.objc; path = SDWebImagePrefetcher.m; sourceTree = "<group>"; };
		C5279CB122293E3500D1F0E0 /* UIButton+WebCache.h */ = {isa = PBXFileReference; fileEncoding = 4; lastKnownFileType = sourcecode.c.h; path = "UIButton+WebCache.h"; sourceTree = "<group>"; };
		C5279CB222293E3500D1F0E0 /* UIButton+WebCache.m */ = {isa = PBXFileReference; fileEncoding = 4; lastKnownFileType = sourcecode.c.objc; path = "UIButton+WebCache.m"; sourceTree = "<group>"; };
		C5279CB322293E3500D1F0E0 /* UIImage+GIF.h */ = {isa = PBXFileReference; fileEncoding = 4; lastKnownFileType = sourcecode.c.h; path = "UIImage+GIF.h"; sourceTree = "<group>"; };
		C5279CB422293E3500D1F0E0 /* UIImage+GIF.m */ = {isa = PBXFileReference; fileEncoding = 4; lastKnownFileType = sourcecode.c.objc; path = "UIImage+GIF.m"; sourceTree = "<group>"; };
		C5279CB522293E3500D1F0E0 /* UIImage+MultiFormat.h */ = {isa = PBXFileReference; fileEncoding = 4; lastKnownFileType = sourcecode.c.h; path = "UIImage+MultiFormat.h"; sourceTree = "<group>"; };
		C5279CB622293E3500D1F0E0 /* UIImage+MultiFormat.m */ = {isa = PBXFileReference; fileEncoding = 4; lastKnownFileType = sourcecode.c.objc; path = "UIImage+MultiFormat.m"; sourceTree = "<group>"; };
		C5279CB722293E3500D1F0E0 /* UIImage+WebP.h */ = {isa = PBXFileReference; fileEncoding = 4; lastKnownFileType = sourcecode.c.h; path = "UIImage+WebP.h"; sourceTree = "<group>"; };
		C5279CB822293E3500D1F0E0 /* UIImage+WebP.m */ = {isa = PBXFileReference; fileEncoding = 4; lastKnownFileType = sourcecode.c.objc; path = "UIImage+WebP.m"; sourceTree = "<group>"; };
		C5279CB922293E3500D1F0E0 /* UIImageView+HighlightedWebCache.h */ = {isa = PBXFileReference; fileEncoding = 4; lastKnownFileType = sourcecode.c.h; path = "UIImageView+HighlightedWebCache.h"; sourceTree = "<group>"; };
		C5279CBA22293E3500D1F0E0 /* UIImageView+HighlightedWebCache.m */ = {isa = PBXFileReference; fileEncoding = 4; lastKnownFileType = sourcecode.c.objc; path = "UIImageView+HighlightedWebCache.m"; sourceTree = "<group>"; };
		C5279CBB22293E3500D1F0E0 /* UIImageView+WebCache.h */ = {isa = PBXFileReference; fileEncoding = 4; lastKnownFileType = sourcecode.c.h; path = "UIImageView+WebCache.h"; sourceTree = "<group>"; };
		C5279CBC22293E3500D1F0E0 /* UIImageView+WebCache.m */ = {isa = PBXFileReference; fileEncoding = 4; lastKnownFileType = sourcecode.c.objc; path = "UIImageView+WebCache.m"; sourceTree = "<group>"; };
		C5279CCD22293E9E00D1F0E0 /* Example2PieView.h */ = {isa = PBXFileReference; fileEncoding = 4; lastKnownFileType = sourcecode.c.h; path = Example2PieView.h; sourceTree = "<group>"; };
		C5279CCE22293E9E00D1F0E0 /* Example2PieView.m */ = {isa = PBXFileReference; fileEncoding = 4; lastKnownFileType = sourcecode.c.objc; path = Example2PieView.m; sourceTree = "<group>"; };
		C5279CCF22293E9E00D1F0E0 /* MagicPieLayer.h */ = {isa = PBXFileReference; fileEncoding = 4; lastKnownFileType = sourcecode.c.h; path = MagicPieLayer.h; sourceTree = "<group>"; };
		C5279CD022293E9E00D1F0E0 /* MyPieElement.h */ = {isa = PBXFileReference; fileEncoding = 4; lastKnownFileType = sourcecode.c.h; path = MyPieElement.h; sourceTree = "<group>"; };
		C5279CD122293E9E00D1F0E0 /* MyPieElement.m */ = {isa = PBXFileReference; fileEncoding = 4; lastKnownFileType = sourcecode.c.objc; path = MyPieElement.m; sourceTree = "<group>"; };
		C5279CD222293E9E00D1F0E0 /* NSMutableArray+pieEx.h */ = {isa = PBXFileReference; fileEncoding = 4; lastKnownFileType = sourcecode.c.h; path = "NSMutableArray+pieEx.h"; sourceTree = "<group>"; };
		C5279CD322293E9E00D1F0E0 /* NSMutableArray+pieEx.m */ = {isa = PBXFileReference; fileEncoding = 4; lastKnownFileType = sourcecode.c.objc; path = "NSMutableArray+pieEx.m"; sourceTree = "<group>"; };
		C5279CD422293E9E00D1F0E0 /* PieElement.h */ = {isa = PBXFileReference; fileEncoding = 4; lastKnownFileType = sourcecode.c.h; path = PieElement.h; sourceTree = "<group>"; };
		C5279CD522293E9E00D1F0E0 /* PieElement.m */ = {isa = PBXFileReference; fileEncoding = 4; lastKnownFileType = sourcecode.c.objc; path = PieElement.m; sourceTree = "<group>"; };
		C5279CD622293E9E00D1F0E0 /* PieLayer.h */ = {isa = PBXFileReference; fileEncoding = 4; lastKnownFileType = sourcecode.c.h; path = PieLayer.h; sourceTree = "<group>"; };
		C5279CD722293E9E00D1F0E0 /* PieLayer.m */ = {isa = PBXFileReference; fileEncoding = 4; lastKnownFileType = sourcecode.c.objc; path = PieLayer.m; sourceTree = "<group>"; };
		C5279CE422293F2E00D1F0E0 /* RMStep.h */ = {isa = PBXFileReference; fileEncoding = 4; lastKnownFileType = sourcecode.c.h; path = RMStep.h; sourceTree = "<group>"; };
		C5279CE522293F2E00D1F0E0 /* RMStep.m */ = {isa = PBXFileReference; fileEncoding = 4; lastKnownFileType = sourcecode.c.objc; path = RMStep.m; sourceTree = "<group>"; };
		C5279CE622293F2E00D1F0E0 /* RMStepsBar.h */ = {isa = PBXFileReference; fileEncoding = 4; lastKnownFileType = sourcecode.c.h; path = RMStepsBar.h; sourceTree = "<group>"; };
		C5279CE722293F2E00D1F0E0 /* RMStepsBar.m */ = {isa = PBXFileReference; fileEncoding = 4; lastKnownFileType = sourcecode.c.objc; path = RMStepsBar.m; sourceTree = "<group>"; };
		C5279CE822293F2E00D1F0E0 /* RMStepsController.h */ = {isa = PBXFileReference; fileEncoding = 4; lastKnownFileType = sourcecode.c.h; path = RMStepsController.h; sourceTree = "<group>"; };
		C5279CE922293F2E00D1F0E0 /* RMStepsController.m */ = {isa = PBXFileReference; fileEncoding = 4; lastKnownFileType = sourcecode.c.objc; path = RMStepsController.m; sourceTree = "<group>"; };
		C5279CF222293F8300D1F0E0 /* NSString+Hash.h */ = {isa = PBXFileReference; fileEncoding = 4; lastKnownFileType = sourcecode.c.h; path = "NSString+Hash.h"; sourceTree = "<group>"; };
		C5279CF322293F8300D1F0E0 /* NSString+Hash.m */ = {isa = PBXFileReference; fileEncoding = 4; lastKnownFileType = sourcecode.c.objc; path = "NSString+Hash.m"; sourceTree = "<group>"; };
		C5279CF622293FD700D1F0E0 /* MBProgressHUD+MJ.h */ = {isa = PBXFileReference; fileEncoding = 4; lastKnownFileType = sourcecode.c.h; path = "MBProgressHUD+MJ.h"; sourceTree = "<group>"; };
		C5279CF722293FD700D1F0E0 /* MBProgressHUD+MJ.m */ = {isa = PBXFileReference; fileEncoding = 4; lastKnownFileType = sourcecode.c.objc; path = "MBProgressHUD+MJ.m"; sourceTree = "<group>"; };
		C5279CF822293FD700D1F0E0 /* MBProgressHUD.bundle */ = {isa = PBXFileReference; lastKnownFileType = "wrapper.plug-in"; path = MBProgressHUD.bundle; sourceTree = "<group>"; };
		C5279CF922293FD700D1F0E0 /* MBProgressHUD.h */ = {isa = PBXFileReference; fileEncoding = 4; lastKnownFileType = sourcecode.c.h; path = MBProgressHUD.h; sourceTree = "<group>"; };
		C5279CFA22293FD700D1F0E0 /* MBProgressHUD.m */ = {isa = PBXFileReference; fileEncoding = 4; lastKnownFileType = sourcecode.c.objc; path = MBProgressHUD.m; sourceTree = "<group>"; };
		C5279CFF2229404200D1F0E0 /* GDataXMLNode.h */ = {isa = PBXFileReference; fileEncoding = 4; lastKnownFileType = sourcecode.c.h; path = GDataXMLNode.h; sourceTree = "<group>"; };
		C5279D002229404200D1F0E0 /* GDataXMLNode.m */ = {isa = PBXFileReference; fileEncoding = 4; lastKnownFileType = sourcecode.c.objc; path = GDataXMLNode.m; sourceTree = "<group>"; };
		C5279D022229404200D1F0E0 /* UIView+Extension.h */ = {isa = PBXFileReference; fileEncoding = 4; lastKnownFileType = sourcecode.c.h; path = "UIView+Extension.h"; sourceTree = "<group>"; };
		C5279D032229404200D1F0E0 /* UIView+Extension.m */ = {isa = PBXFileReference; fileEncoding = 4; lastKnownFileType = sourcecode.c.objc; path = "UIView+Extension.m"; sourceTree = "<group>"; };
		C5279D082229406600D1F0E0 /* crypt.h */ = {isa = PBXFileReference; fileEncoding = 4; lastKnownFileType = sourcecode.c.h; path = crypt.h; sourceTree = "<group>"; };
		C5279D092229406600D1F0E0 /* ioapi.c */ = {isa = PBXFileReference; fileEncoding = 4; lastKnownFileType = sourcecode.c.c; path = ioapi.c; sourceTree = "<group>"; };
		C5279D0A2229406600D1F0E0 /* ioapi.h */ = {isa = PBXFileReference; fileEncoding = 4; lastKnownFileType = sourcecode.c.h; path = ioapi.h; sourceTree = "<group>"; };
		C5279D0B2229406600D1F0E0 /* mztools.c */ = {isa = PBXFileReference; fileEncoding = 4; lastKnownFileType = sourcecode.c.c; path = mztools.c; sourceTree = "<group>"; };
		C5279D0C2229406600D1F0E0 /* mztools.h */ = {isa = PBXFileReference; fileEncoding = 4; lastKnownFileType = sourcecode.c.h; path = mztools.h; sourceTree = "<group>"; };
		C5279D0D2229406600D1F0E0 /* unzip.c */ = {isa = PBXFileReference; fileEncoding = 4; lastKnownFileType = sourcecode.c.c; path = unzip.c; sourceTree = "<group>"; };
		C5279D0E2229406600D1F0E0 /* unzip.h */ = {isa = PBXFileReference; fileEncoding = 4; lastKnownFileType = sourcecode.c.h; path = unzip.h; sourceTree = "<group>"; };
		C5279D0F2229406600D1F0E0 /* zip.c */ = {isa = PBXFileReference; fileEncoding = 4; lastKnownFileType = sourcecode.c.c; path = zip.c; sourceTree = "<group>"; };
		C5279D102229406600D1F0E0 /* zip.h */ = {isa = PBXFileReference; fileEncoding = 4; lastKnownFileType = sourcecode.c.h; path = zip.h; sourceTree = "<group>"; };
		C5279D112229406600D1F0E0 /* SSZipArchive.h */ = {isa = PBXFileReference; fileEncoding = 4; lastKnownFileType = sourcecode.c.h; path = SSZipArchive.h; sourceTree = "<group>"; };
		C5279D122229406600D1F0E0 /* SSZipArchive.m */ = {isa = PBXFileReference; fileEncoding = 4; lastKnownFileType = sourcecode.c.objc; path = SSZipArchive.m; sourceTree = "<group>"; };
		C5279D182229407200D1F0E0 /* libz.dylib */ = {isa = PBXFileReference; lastKnownFileType = "compiled.mach-o.dylib"; name = libz.dylib; path = usr/lib/libz.dylib; sourceTree = SDKROOT; };
		C5279D1A222940A500D1F0E0 /* libxml2.dylib */ = {isa = PBXFileReference; lastKnownFileType = "compiled.mach-o.dylib"; name = libxml2.dylib; path = usr/lib/libxml2.dylib; sourceTree = SDKROOT; };
		C5279D1D2229436100D1F0E0 /* ASIAuthenticationDialog.h */ = {isa = PBXFileReference; fileEncoding = 4; lastKnownFileType = sourcecode.c.h; path = ASIAuthenticationDialog.h; sourceTree = "<group>"; };
		C5279D1E2229436100D1F0E0 /* ASIAuthenticationDialog.m */ = {isa = PBXFileReference; fileEncoding = 4; lastKnownFileType = sourcecode.c.objc; path = ASIAuthenticationDialog.m; sourceTree = "<group>"; };
		C5279D1F2229436100D1F0E0 /* ASICacheDelegate.h */ = {isa = PBXFileReference; fileEncoding = 4; lastKnownFileType = sourcecode.c.h; path = ASICacheDelegate.h; sourceTree = "<group>"; };
		C5279D202229436100D1F0E0 /* ASIDataCompressor.h */ = {isa = PBXFileReference; fileEncoding = 4; lastKnownFileType = sourcecode.c.h; path = ASIDataCompressor.h; sourceTree = "<group>"; };
		C5279D212229436100D1F0E0 /* ASIDataCompressor.m */ = {isa = PBXFileReference; fileEncoding = 4; lastKnownFileType = sourcecode.c.objc; path = ASIDataCompressor.m; sourceTree = "<group>"; };
		C5279D222229436100D1F0E0 /* ASIDataDecompressor.h */ = {isa = PBXFileReference; fileEncoding = 4; lastKnownFileType = sourcecode.c.h; path = ASIDataDecompressor.h; sourceTree = "<group>"; };
		C5279D232229436100D1F0E0 /* ASIDataDecompressor.m */ = {isa = PBXFileReference; fileEncoding = 4; lastKnownFileType = sourcecode.c.objc; path = ASIDataDecompressor.m; sourceTree = "<group>"; };
		C5279D242229436100D1F0E0 /* ASIDownloadCache.h */ = {isa = PBXFileReference; fileEncoding = 4; lastKnownFileType = sourcecode.c.h; path = ASIDownloadCache.h; sourceTree = "<group>"; };
		C5279D252229436100D1F0E0 /* ASIDownloadCache.m */ = {isa = PBXFileReference; fileEncoding = 4; lastKnownFileType = sourcecode.c.objc; path = ASIDownloadCache.m; sourceTree = "<group>"; };
		C5279D262229436100D1F0E0 /* ASIFormDataRequest.h */ = {isa = PBXFileReference; fileEncoding = 4; lastKnownFileType = sourcecode.c.h; path = ASIFormDataRequest.h; sourceTree = "<group>"; };
		C5279D272229436100D1F0E0 /* ASIFormDataRequest.m */ = {isa = PBXFileReference; fileEncoding = 4; lastKnownFileType = sourcecode.c.objc; path = ASIFormDataRequest.m; sourceTree = "<group>"; };
		C5279D282229436100D1F0E0 /* ASIHTTPRequest.h */ = {isa = PBXFileReference; fileEncoding = 4; lastKnownFileType = sourcecode.c.h; path = ASIHTTPRequest.h; sourceTree = "<group>"; };
		C5279D292229436100D1F0E0 /* ASIHTTPRequest.m */ = {isa = PBXFileReference; fileEncoding = 4; lastKnownFileType = sourcecode.c.objc; path = ASIHTTPRequest.m; sourceTree = "<group>"; };
		C5279D2A2229436100D1F0E0 /* ASIHTTPRequestConfig.h */ = {isa = PBXFileReference; fileEncoding = 4; lastKnownFileType = sourcecode.c.h; path = ASIHTTPRequestConfig.h; sourceTree = "<group>"; };
		C5279D2B2229436100D1F0E0 /* ASIHTTPRequestDelegate.h */ = {isa = PBXFileReference; fileEncoding = 4; lastKnownFileType = sourcecode.c.h; path = ASIHTTPRequestDelegate.h; sourceTree = "<group>"; };
		C5279D2C2229436100D1F0E0 /* ASIInputStream.h */ = {isa = PBXFileReference; fileEncoding = 4; lastKnownFileType = sourcecode.c.h; path = ASIInputStream.h; sourceTree = "<group>"; };
		C5279D2D2229436100D1F0E0 /* ASIInputStream.m */ = {isa = PBXFileReference; fileEncoding = 4; lastKnownFileType = sourcecode.c.objc; path = ASIInputStream.m; sourceTree = "<group>"; };
		C5279D2E2229436100D1F0E0 /* ASINetworkQueue.h */ = {isa = PBXFileReference; fileEncoding = 4; lastKnownFileType = sourcecode.c.h; path = ASINetworkQueue.h; sourceTree = "<group>"; };
		C5279D2F2229436100D1F0E0 /* ASINetworkQueue.m */ = {isa = PBXFileReference; fileEncoding = 4; lastKnownFileType = sourcecode.c.objc; path = ASINetworkQueue.m; sourceTree = "<group>"; };
		C5279D302229436100D1F0E0 /* ASIProgressDelegate.h */ = {isa = PBXFileReference; fileEncoding = 4; lastKnownFileType = sourcecode.c.h; path = ASIProgressDelegate.h; sourceTree = "<group>"; };
		C5279D322229436100D1F0E0 /* Reachability.h */ = {isa = PBXFileReference; fileEncoding = 4; lastKnownFileType = sourcecode.c.h; path = Reachability.h; sourceTree = "<group>"; };
		C5279D332229436100D1F0E0 /* Reachability.m */ = {isa = PBXFileReference; fileEncoding = 4; lastKnownFileType = sourcecode.c.objc; path = Reachability.m; sourceTree = "<group>"; };
		C5279D3D2229442400D1F0E0 /* MobileCoreServices.framework */ = {isa = PBXFileReference; lastKnownFileType = wrapper.framework; name = MobileCoreServices.framework; path = System/Library/Frameworks/MobileCoreServices.framework; sourceTree = SDKROOT; };
		C5279D3F2229443D00D1F0E0 /* SystemConfiguration.framework */ = {isa = PBXFileReference; lastKnownFileType = wrapper.framework; name = SystemConfiguration.framework; path = System/Library/Frameworks/SystemConfiguration.framework; sourceTree = SDKROOT; };
		C5279D42222944C800D1F0E0 /* DACircularProgressView.h */ = {isa = PBXFileReference; fileEncoding = 4; lastKnownFileType = sourcecode.c.h; path = DACircularProgressView.h; sourceTree = "<group>"; };
		C5279D43222944C800D1F0E0 /* DACircularProgressView.m */ = {isa = PBXFileReference; fileEncoding = 4; lastKnownFileType = sourcecode.c.objc; path = DACircularProgressView.m; sourceTree = "<group>"; };
		C565BDE0222E31090096A1FF /* Constant.h */ = {isa = PBXFileReference; lastKnownFileType = sourcecode.c.h; path = Constant.h; sourceTree = "<group>"; };
		C565BDE1222E335E0096A1FF /* Default@2x.png */ = {isa = PBXFileReference; lastKnownFileType = image.png; path = "Default@2x.png"; sourceTree = "<group>"; };
		C565BE06222E34FB0096A1FF /* ZZAppDelegate.h */ = {isa = PBXFileReference; fileEncoding = 4; lastKnownFileType = sourcecode.c.h; path = ZZAppDelegate.h; sourceTree = "<group>"; };
		C565BE07222E34FB0096A1FF /* ZZAppDelegate.m */ = {isa = PBXFileReference; fileEncoding = 4; lastKnownFileType = sourcecode.c.objc; path = ZZAppDelegate.m; sourceTree = "<group>"; };
		C565BE0A222E35350096A1FF /* UIImage+WB_Extention.h */ = {isa = PBXFileReference; fileEncoding = 4; lastKnownFileType = sourcecode.c.h; path = "UIImage+WB_Extention.h"; sourceTree = "<group>"; };
		C565BE0B222E35350096A1FF /* UIImage+WB_Extention.m */ = {isa = PBXFileReference; fileEncoding = 4; lastKnownFileType = sourcecode.c.objc; path = "UIImage+WB_Extention.m"; sourceTree = "<group>"; };
		C565BE13222E36FC0096A1FF /* zh-Hans */ = {isa = PBXFileReference; lastKnownFileType = text.plist.strings; name = "zh-Hans"; path = "zh-Hans.lproj/InfoPlist.strings"; sourceTree = "<group>"; };
		C565BE14222E36FC0096A1FF /* zh-Hans */ = {isa = PBXFileReference; lastKnownFileType = text.plist.strings; name = "zh-Hans"; path = "zh-Hans.lproj/InfoPlist.strings"; sourceTree = "<group>"; };
		C565BE2F222E38E00096A1FF /* Images.xcassets */ = {isa = PBXFileReference; lastKnownFileType = folder.assetcatalog; path = Images.xcassets; sourceTree = "<group>"; };
		C565BE37222E3F090096A1FF /* zh-Hans */ = {isa = PBXFileReference; lastKnownFileType = text.plist.strings; name = "zh-Hans"; path = "zh-Hans.lproj/Microblog_Localization.strings"; sourceTree = "<group>"; };
		C565BE39222E3F160096A1FF /* en */ = {isa = PBXFileReference; lastKnownFileType = text.plist.strings; name = en; path = en.lproj/Microblog_Localization.strings; sourceTree = "<group>"; };
		C565BE73222E51F10096A1FF /* ZZDiscoverViewController.h */ = {isa = PBXFileReference; fileEncoding = 4; lastKnownFileType = sourcecode.c.h; path = ZZDiscoverViewController.h; sourceTree = "<group>"; };
		C565BE74222E51F10096A1FF /* ZZDiscoverViewController.m */ = {isa = PBXFileReference; fileEncoding = 4; lastKnownFileType = sourcecode.c.objc; path = ZZDiscoverViewController.m; sourceTree = "<group>"; };
		C565BE79222E51F10096A1FF /* ZZHomeViewController.h */ = {isa = PBXFileReference; fileEncoding = 4; lastKnownFileType = sourcecode.c.h; path = ZZHomeViewController.h; sourceTree = "<group>"; };
		C565BE7A222E51F10096A1FF /* ZZHomeViewController.m */ = {isa = PBXFileReference; fileEncoding = 4; lastKnownFileType = sourcecode.c.objc; path = ZZHomeViewController.m; sourceTree = "<group>"; };
		C565BE7F222E51F10096A1FF /* WBTabBarController.h */ = {isa = PBXFileReference; fileEncoding = 4; lastKnownFileType = sourcecode.c.h; path = WBTabBarController.h; sourceTree = "<group>"; };
		C565BE80222E51F10096A1FF /* WBTabBarController.m */ = {isa = PBXFileReference; fileEncoding = 4; lastKnownFileType = sourcecode.c.objc; path = WBTabBarController.m; sourceTree = "<group>"; };
		C565BE84222E51F10096A1FF /* ZZMessageViewController.h */ = {isa = PBXFileReference; fileEncoding = 4; lastKnownFileType = sourcecode.c.h; path = ZZMessageViewController.h; sourceTree = "<group>"; };
		C565BE85222E51F10096A1FF /* ZZMessageViewController.m */ = {isa = PBXFileReference; fileEncoding = 4; lastKnownFileType = sourcecode.c.objc; path = ZZMessageViewController.m; sourceTree = "<group>"; };
		C565BE8A222E51F10096A1FF /* ZZProfileViewController.h */ = {isa = PBXFileReference; fileEncoding = 4; lastKnownFileType = sourcecode.c.h; path = ZZProfileViewController.h; sourceTree = "<group>"; };
		C565BE8B222E51F10096A1FF /* ZZProfileViewController.m */ = {isa = PBXFileReference; fileEncoding = 4; lastKnownFileType = sourcecode.c.objc; path = ZZProfileViewController.m; sourceTree = "<group>"; };
		C565BE93222E56080096A1FF /* WBMainNavgationController.h */ = {isa = PBXFileReference; fileEncoding = 4; lastKnownFileType = sourcecode.c.h; path = WBMainNavgationController.h; sourceTree = "<group>"; };
		C565BE94222E56080096A1FF /* WBMainNavgationController.m */ = {isa = PBXFileReference; fileEncoding = 4; lastKnownFileType = sourcecode.c.objc; path = WBMainNavgationController.m; sourceTree = "<group>"; };
		C5BDF0E222292917008EAA13 /* iMusic.app */ = {isa = PBXFileReference; explicitFileType = wrapper.application; includeInIndex = 0; path = iMusic.app; sourceTree = BUILT_PRODUCTS_DIR; };
		C5BDF0E522292917008EAA13 /* Foundation.framework */ = {isa = PBXFileReference; lastKnownFileType = wrapper.framework; name = Foundation.framework; path = System/Library/Frameworks/Foundation.framework; sourceTree = SDKROOT; };
		C5BDF0E722292917008EAA13 /* CoreGraphics.framework */ = {isa = PBXFileReference; lastKnownFileType = wrapper.framework; name = CoreGraphics.framework; path = System/Library/Frameworks/CoreGraphics.framework; sourceTree = SDKROOT; };
		C5BDF0E922292917008EAA13 /* UIKit.framework */ = {isa = PBXFileReference; lastKnownFileType = wrapper.framework; name = UIKit.framework; path = System/Library/Frameworks/UIKit.framework; sourceTree = SDKROOT; };
		C5BDF0ED22292917008EAA13 /* iMusic-Info.plist */ = {isa = PBXFileReference; lastKnownFileType = text.plist.xml; path = "iMusic-Info.plist"; sourceTree = "<group>"; };
		C5BDF0EF22292917008EAA13 /* en */ = {isa = PBXFileReference; lastKnownFileType = text.plist.strings; name = en; path = en.lproj/InfoPlist.strings; sourceTree = "<group>"; };
		C5BDF0F322292917008EAA13 /* iMusic-Prefix.pch */ = {isa = PBXFileReference; lastKnownFileType = sourcecode.c.h; path = "iMusic-Prefix.pch"; sourceTree = "<group>"; };
		C5BDF0FD22292917008EAA13 /* iMusicTests.xctest */ = {isa = PBXFileReference; explicitFileType = wrapper.cfbundle; includeInIndex = 0; path = iMusicTests.xctest; sourceTree = BUILT_PRODUCTS_DIR; };
		C5BDF0FE22292917008EAA13 /* XCTest.framework */ = {isa = PBXFileReference; lastKnownFileType = wrapper.framework; name = XCTest.framework; path = Library/Frameworks/XCTest.framework; sourceTree = DEVELOPER_DIR; };
		C5BDF10622292917008EAA13 /* iMusicTests-Info.plist */ = {isa = PBXFileReference; lastKnownFileType = text.plist.xml; path = "iMusicTests-Info.plist"; sourceTree = "<group>"; };
		C5BDF10822292917008EAA13 /* en */ = {isa = PBXFileReference; lastKnownFileType = text.plist.strings; name = en; path = en.lproj/InfoPlist.strings; sourceTree = "<group>"; };
		C5BDF10A22292917008EAA13 /* iMusicTests.m */ = {isa = PBXFileReference; lastKnownFileType = sourcecode.c.objc; path = iMusicTests.m; sourceTree = "<group>"; };
/* End PBXFileReference section */

/* Begin PBXFrameworksBuildPhase section */
		C5BDF0DF22292917008EAA13 /* Frameworks */ = {
			isa = PBXFrameworksBuildPhase;
			buildActionMask = 2147483647;
			files = (
				C5BDF0EA22292917008EAA13 /* UIKit.framework in Frameworks */,
				C5BDF0E622292917008EAA13 /* Foundation.framework in Frameworks */,
				C5BDF0E822292917008EAA13 /* CoreGraphics.framework in Frameworks */,
				C5279D402229443D00D1F0E0 /* SystemConfiguration.framework in Frameworks */,
				C5279D3E2229442400D1F0E0 /* MobileCoreServices.framework in Frameworks */,
				C5279D1B222940A500D1F0E0 /* libxml2.dylib in Frameworks */,
				C5279D192229407200D1F0E0 /* libz.dylib in Frameworks */,
			);
			runOnlyForDeploymentPostprocessing = 0;
		};
		C5BDF0FA22292917008EAA13 /* Frameworks */ = {
			isa = PBXFrameworksBuildPhase;
			buildActionMask = 2147483647;
			files = (
				C5BDF0FF22292917008EAA13 /* XCTest.framework in Frameworks */,
				C5BDF10122292917008EAA13 /* UIKit.framework in Frameworks */,
				C5BDF10022292917008EAA13 /* Foundation.framework in Frameworks */,
			);
			runOnlyForDeploymentPostprocessing = 0;
		};
/* End PBXFrameworksBuildPhase section */

/* Begin PBXGroup section */
		C5247AF722296C3E00B5BDB1 /* Common */ = {
			isa = PBXGroup;
			children = (
				C565BE05222E34FB0096A1FF /* Application */,
				C565BE08222E34FB0096A1FF /* Category */,
				C5247AF822296C3E00B5BDB1 /* main.m */,
				C565BDE0222E31090096A1FF /* Constant.h */,
			);
			path = Common;
			sourceTree = "<group>";
		};
		C5247B19222990CE00B5BDB1 /* tabs */ = {
			isa = PBXGroup;
			children = (
				C5247B1A222990CE00B5BDB1 /* nav-bookmarks-off.png */,
				C5247B1B222990CE00B5BDB1 /* nav-bookmarks-on.png */,
				C5247B1C222990CE00B5BDB1 /* nav-history-off.png */,
				C5247B1D222990CE00B5BDB1 /* nav-history-on.png */,
				C5247B1E222990CE00B5BDB1 /* nav-reader-off.png */,
				C5247B1F222990CE00B5BDB1 /* nav-reader-on.png */,
				C5247B20222990CE00B5BDB1 /* nav-settings-off.png */,
				C5247B21222990CE00B5BDB1 /* nav-settings-on.png */,
				C5247B22222990CE00B5BDB1 /* nav-tabs-off.png */,
				C5247B23222990CE00B5BDB1 /* nav-tabs-on.png */,
			);
			path = tabs;
			sourceTree = "<group>";
		};
		C5279C9922293C7E00D1F0E0 /* Resource */ = {
			isa = PBXGroup;
			children = (
				C565BE2F222E38E00096A1FF /* Images.xcassets */,
				C5247B19222990CE00B5BDB1 /* tabs */,
				C5279C9B22293C7E00D1F0E0 /* Libs */,
				C5279C9A22293C7E00D1F0E0 /* icon.png */,
				C565BDE1222E335E0096A1FF /* Default@2x.png */,
			);
			path = Resource;
			sourceTree = "<group>";
		};
		C5279C9B22293C7E00D1F0E0 /* Libs */ = {
			isa = PBXGroup;
			children = (
				C5279D45222944DD00D1F0E0 /* UI-Libs */,
				C5279D1C2229436100D1F0E0 /* ASI-http-request */,
				C5279D062229406600D1F0E0 /* SSZipArchive */,
				C5279CFE2229404200D1F0E0 /* GDataXML */,
				C5279CF122293F8300D1F0E0 /* MD5-Category */,
				C5279CE322293F2E00D1F0E0 /* StepsController */,
				C5279C9D22293E3500D1F0E0 /* SDWebImage */,
			);
			path = Libs;
			sourceTree = "<group>";
		};
		C5279C9D22293E3500D1F0E0 /* SDWebImage */ = {
			isa = PBXGroup;
			children = (
				C5279C9E22293E3500D1F0E0 /* MKAnnotationView+WebCache.h */,
				C5279C9F22293E3500D1F0E0 /* MKAnnotationView+WebCache.m */,
				C5279CA022293E3500D1F0E0 /* NSData+ImageContentType.h */,
				C5279CA122293E3500D1F0E0 /* NSData+ImageContentType.m */,
				C5279CA222293E3500D1F0E0 /* SDImageCache.h */,
				C5279CA322293E3500D1F0E0 /* SDImageCache.m */,
				C5279CA422293E3500D1F0E0 /* SDWebImageCompat.h */,
				C5279CA522293E3500D1F0E0 /* SDWebImageCompat.m */,
				C5279CA622293E3500D1F0E0 /* SDWebImageDecoder.h */,
				C5279CA722293E3500D1F0E0 /* SDWebImageDecoder.m */,
				C5279CA822293E3500D1F0E0 /* SDWebImageDownloader.h */,
				C5279CA922293E3500D1F0E0 /* SDWebImageDownloader.m */,
				C5279CAA22293E3500D1F0E0 /* SDWebImageDownloaderOperation.h */,
				C5279CAB22293E3500D1F0E0 /* SDWebImageDownloaderOperation.m */,
				C5279CAC22293E3500D1F0E0 /* SDWebImageManager.h */,
				C5279CAD22293E3500D1F0E0 /* SDWebImageManager.m */,
				C5279CAE22293E3500D1F0E0 /* SDWebImageOperation.h */,
				C5279CAF22293E3500D1F0E0 /* SDWebImagePrefetcher.h */,
				C5279CB022293E3500D1F0E0 /* SDWebImagePrefetcher.m */,
				C5279CB122293E3500D1F0E0 /* UIButton+WebCache.h */,
				C5279CB222293E3500D1F0E0 /* UIButton+WebCache.m */,
				C5279CB322293E3500D1F0E0 /* UIImage+GIF.h */,
				C5279CB422293E3500D1F0E0 /* UIImage+GIF.m */,
				C5279CB522293E3500D1F0E0 /* UIImage+MultiFormat.h */,
				C5279CB622293E3500D1F0E0 /* UIImage+MultiFormat.m */,
				C5279CB722293E3500D1F0E0 /* UIImage+WebP.h */,
				C5279CB822293E3500D1F0E0 /* UIImage+WebP.m */,
				C5279CB922293E3500D1F0E0 /* UIImageView+HighlightedWebCache.h */,
				C5279CBA22293E3500D1F0E0 /* UIImageView+HighlightedWebCache.m */,
				C5279CBB22293E3500D1F0E0 /* UIImageView+WebCache.h */,
				C5279CBC22293E3500D1F0E0 /* UIImageView+WebCache.m */,
			);
			path = SDWebImage;
			sourceTree = "<group>";
		};
		C5279CCC22293E9E00D1F0E0 /* Pie饼图 */ = {
			isa = PBXGroup;
			children = (
				C5279CCD22293E9E00D1F0E0 /* Example2PieView.h */,
				C5279CCE22293E9E00D1F0E0 /* Example2PieView.m */,
				C5279CCF22293E9E00D1F0E0 /* MagicPieLayer.h */,
				C5279CD022293E9E00D1F0E0 /* MyPieElement.h */,
				C5279CD122293E9E00D1F0E0 /* MyPieElement.m */,
				C5279CD222293E9E00D1F0E0 /* NSMutableArray+pieEx.h */,
				C5279CD322293E9E00D1F0E0 /* NSMutableArray+pieEx.m */,
				C5279CD422293E9E00D1F0E0 /* PieElement.h */,
				C5279CD522293E9E00D1F0E0 /* PieElement.m */,
				C5279CD622293E9E00D1F0E0 /* PieLayer.h */,
				C5279CD722293E9E00D1F0E0 /* PieLayer.m */,
			);
			name = "Pie饼图";
			path = Pie;
			sourceTree = "<group>";
		};
		C5279CDD22293EC900D1F0E0 /* Classes */ = {
			isa = PBXGroup;
			children = (
				C565BDE5222E34AB0096A1FF /* Microblog */,
				C5247AF722296C3E00B5BDB1 /* Common */,
			);
			path = Classes;
			sourceTree = "<group>";
		};
		C5279CE322293F2E00D1F0E0 /* StepsController */ = {
			isa = PBXGroup;
			children = (
				C5279CE422293F2E00D1F0E0 /* RMStep.h */,
				C5279CE522293F2E00D1F0E0 /* RMStep.m */,
				C5279CE622293F2E00D1F0E0 /* RMStepsBar.h */,
				C5279CE722293F2E00D1F0E0 /* RMStepsBar.m */,
				C5279CE822293F2E00D1F0E0 /* RMStepsController.h */,
				C5279CE922293F2E00D1F0E0 /* RMStepsController.m */,
			);
			path = StepsController;
			sourceTree = "<group>";
		};
		C5279CF122293F8300D1F0E0 /* MD5-Category */ = {
			isa = PBXGroup;
			children = (
				C5279CF222293F8300D1F0E0 /* NSString+Hash.h */,
				C5279CF322293F8300D1F0E0 /* NSString+Hash.m */,
			);
			path = "MD5-Category";
			sourceTree = "<group>";
		};
		C5279CF522293FD700D1F0E0 /* MBProgressHUD */ = {
			isa = PBXGroup;
			children = (
				C5279CF622293FD700D1F0E0 /* MBProgressHUD+MJ.h */,
				C5279CF722293FD700D1F0E0 /* MBProgressHUD+MJ.m */,
				C5279CF822293FD700D1F0E0 /* MBProgressHUD.bundle */,
				C5279CF922293FD700D1F0E0 /* MBProgressHUD.h */,
				C5279CFA22293FD700D1F0E0 /* MBProgressHUD.m */,
			);
			path = MBProgressHUD;
			sourceTree = "<group>";
		};
		C5279CFE2229404200D1F0E0 /* GDataXML */ = {
			isa = PBXGroup;
			children = (
				C5279CFF2229404200D1F0E0 /* GDataXMLNode.h */,
				C5279D002229404200D1F0E0 /* GDataXMLNode.m */,
			);
			path = GDataXML;
			sourceTree = "<group>";
		};
		C5279D012229404200D1F0E0 /* UIView-Category */ = {
			isa = PBXGroup;
			children = (
				C5279D022229404200D1F0E0 /* UIView+Extension.h */,
				C5279D032229404200D1F0E0 /* UIView+Extension.m */,
			);
			path = "UIView-Category";
			sourceTree = "<group>";
		};
		C5279D062229406600D1F0E0 /* SSZipArchive */ = {
			isa = PBXGroup;
			children = (
				C5279D072229406600D1F0E0 /* minizip */,
				C5279D112229406600D1F0E0 /* SSZipArchive.h */,
				C5279D122229406600D1F0E0 /* SSZipArchive.m */,
			);
			path = SSZipArchive;
			sourceTree = "<group>";
		};
		C5279D072229406600D1F0E0 /* minizip */ = {
			isa = PBXGroup;
			children = (
				C5279D082229406600D1F0E0 /* crypt.h */,
				C5279D092229406600D1F0E0 /* ioapi.c */,
				C5279D0A2229406600D1F0E0 /* ioapi.h */,
				C5279D0B2229406600D1F0E0 /* mztools.c */,
				C5279D0C2229406600D1F0E0 /* mztools.h */,
				C5279D0D2229406600D1F0E0 /* unzip.c */,
				C5279D0E2229406600D1F0E0 /* unzip.h */,
				C5279D0F2229406600D1F0E0 /* zip.c */,
				C5279D102229406600D1F0E0 /* zip.h */,
			);
			path = minizip;
			sourceTree = "<group>";
		};
		C5279D1C2229436100D1F0E0 /* ASI-http-request */ = {
			isa = PBXGroup;
			children = (
				C5279D1D2229436100D1F0E0 /* ASIAuthenticationDialog.h */,
				C5279D1E2229436100D1F0E0 /* ASIAuthenticationDialog.m */,
				C5279D1F2229436100D1F0E0 /* ASICacheDelegate.h */,
				C5279D202229436100D1F0E0 /* ASIDataCompressor.h */,
				C5279D212229436100D1F0E0 /* ASIDataCompressor.m */,
				C5279D222229436100D1F0E0 /* ASIDataDecompressor.h */,
				C5279D232229436100D1F0E0 /* ASIDataDecompressor.m */,
				C5279D242229436100D1F0E0 /* ASIDownloadCache.h */,
				C5279D252229436100D1F0E0 /* ASIDownloadCache.m */,
				C5279D262229436100D1F0E0 /* ASIFormDataRequest.h */,
				C5279D272229436100D1F0E0 /* ASIFormDataRequest.m */,
				C5279D282229436100D1F0E0 /* ASIHTTPRequest.h */,
				C5279D292229436100D1F0E0 /* ASIHTTPRequest.m */,
				C5279D2A2229436100D1F0E0 /* ASIHTTPRequestConfig.h */,
				C5279D2B2229436100D1F0E0 /* ASIHTTPRequestDelegate.h */,
				C5279D2C2229436100D1F0E0 /* ASIInputStream.h */,
				C5279D2D2229436100D1F0E0 /* ASIInputStream.m */,
				C5279D2E2229436100D1F0E0 /* ASINetworkQueue.h */,
				C5279D2F2229436100D1F0E0 /* ASINetworkQueue.m */,
				C5279D302229436100D1F0E0 /* ASIProgressDelegate.h */,
				C5279D312229436100D1F0E0 /* Reachability */,
			);
			path = "ASI-http-request";
			sourceTree = "<group>";
		};
		C5279D312229436100D1F0E0 /* Reachability */ = {
			isa = PBXGroup;
			children = (
				C5279D322229436100D1F0E0 /* Reachability.h */,
				C5279D332229436100D1F0E0 /* Reachability.m */,
			);
			path = Reachability;
			sourceTree = "<group>";
		};
		C5279D41222944C800D1F0E0 /* CircularProgressView */ = {
			isa = PBXGroup;
			children = (
				C5279D42222944C800D1F0E0 /* DACircularProgressView.h */,
				C5279D43222944C800D1F0E0 /* DACircularProgressView.m */,
			);
			path = CircularProgressView;
			sourceTree = "<group>";
		};
		C5279D45222944DD00D1F0E0 /* UI-Libs */ = {
			isa = PBXGroup;
			children = (
				C5279D41222944C800D1F0E0 /* CircularProgressView */,
				C5279D012229404200D1F0E0 /* UIView-Category */,
				C5279CF522293FD700D1F0E0 /* MBProgressHUD */,
				C5279CCC22293E9E00D1F0E0 /* Pie饼图 */,
			);
			name = "UI-Libs";
			sourceTree = "<group>";
		};
		C565BDE5222E34AB0096A1FF /* Microblog */ = {
			isa = PBXGroup;
			children = (
				C565BE70222E51F10096A1FF /* Frontend */,
				C565BDE6222E34AB0096A1FF /* Category */,
				C565BE04222E34AB0096A1FF /* Networks */,
			);
			path = Microblog;
			sourceTree = "<group>";
		};
		C565BDE6222E34AB0096A1FF /* Category */ = {
			isa = PBXGroup;
			children = (
				C565BE0A222E35350096A1FF /* UIImage+WB_Extention.h */,
				C565BE0B222E35350096A1FF /* UIImage+WB_Extention.m */,
			);
			path = Category;
			sourceTree = "<group>";
		};
		C565BE04222E34AB0096A1FF /* Networks */ = {
			isa = PBXGroup;
			children = (
			);
			path = Networks;
			sourceTree = "<group>";
		};
		C565BE05222E34FB0096A1FF /* Application */ = {
			isa = PBXGroup;
			children = (
				C565BE06222E34FB0096A1FF /* ZZAppDelegate.h */,
				C565BE07222E34FB0096A1FF /* ZZAppDelegate.m */,
			);
			path = Application;
			sourceTree = "<group>";
		};
		C565BE08222E34FB0096A1FF /* Category */ = {
			isa = PBXGroup;
			children = (
			);
			path = Category;
			sourceTree = "<group>";
		};
		C565BE70222E51F10096A1FF /* Frontend */ = {
			isa = PBXGroup;
			children = (
				C565BE7D222E51F10096A1FF /* Main */,
				C565BE77222E51F10096A1FF /* Home */,
				C565BE71222E51F10096A1FF /* Discover */,
				C565BE82222E51F10096A1FF /* Message */,
				C565BE88222E51F10096A1FF /* Profile */,
			);
			path = Frontend;
			sourceTree = "<group>";
		};
		C565BE71222E51F10096A1FF /* Discover */ = {
			isa = PBXGroup;
			children = (
				C565BE72222E51F10096A1FF /* Controllers */,
				C565BE75222E51F10096A1FF /* Models */,
				C565BE76222E51F10096A1FF /* Views */,
			);
			path = Discover;
			sourceTree = "<group>";
		};
		C565BE72222E51F10096A1FF /* Controllers */ = {
			isa = PBXGroup;
			children = (
				C565BE73222E51F10096A1FF /* ZZDiscoverViewController.h */,
				C565BE74222E51F10096A1FF /* ZZDiscoverViewController.m */,
			);
			path = Controllers;
			sourceTree = "<group>";
		};
		C565BE75222E51F10096A1FF /* Models */ = {
			isa = PBXGroup;
			children = (
			);
			path = Models;
			sourceTree = "<group>";
		};
		C565BE76222E51F10096A1FF /* Views */ = {
			isa = PBXGroup;
			children = (
			);
			path = Views;
			sourceTree = "<group>";
		};
		C565BE77222E51F10096A1FF /* Home */ = {
			isa = PBXGroup;
			children = (
				C565BE78222E51F10096A1FF /* Controllers */,
				C565BE7B222E51F10096A1FF /* Models */,
				C565BE7C222E51F10096A1FF /* Views */,
			);
			path = Home;
			sourceTree = "<group>";
		};
		C565BE78222E51F10096A1FF /* Controllers */ = {
			isa = PBXGroup;
			children = (
				C565BE79222E51F10096A1FF /* ZZHomeViewController.h */,
				C565BE7A222E51F10096A1FF /* ZZHomeViewController.m */,
			);
			path = Controllers;
			sourceTree = "<group>";
		};
		C565BE7B222E51F10096A1FF /* Models */ = {
			isa = PBXGroup;
			children = (
			);
			path = Models;
			sourceTree = "<group>";
		};
		C565BE7C222E51F10096A1FF /* Views */ = {
			isa = PBXGroup;
			children = (
			);
			path = Views;
			sourceTree = "<group>";
		};
		C565BE7D222E51F10096A1FF /* Main */ = {
			isa = PBXGroup;
			children = (
				C565BE7E222E51F10096A1FF /* Controller */,
				C565BE81222E51F10096A1FF /* Views */,
			);
			path = Main;
			sourceTree = "<group>";
		};
		C565BE7E222E51F10096A1FF /* Controller */ = {
			isa = PBXGroup;
			children = (
				C565BE7F222E51F10096A1FF /* WBTabBarController.h */,
				C565BE80222E51F10096A1FF /* WBTabBarController.m */,
				C565BE93222E56080096A1FF /* WBMainNavgationController.h */,
				C565BE94222E56080096A1FF /* WBMainNavgationController.m */,
			);
			path = Controller;
			sourceTree = "<group>";
		};
		C565BE81222E51F10096A1FF /* Views */ = {
			isa = PBXGroup;
			children = (
			);
			path = Views;
			sourceTree = "<group>";
		};
		C565BE82222E51F10096A1FF /* Message */ = {
			isa = PBXGroup;
			children = (
				C565BE83222E51F10096A1FF /* Controllers */,
				C565BE86222E51F10096A1FF /* Models */,
				C565BE87222E51F10096A1FF /* Views */,
			);
			path = Message;
			sourceTree = "<group>";
		};
		C565BE83222E51F10096A1FF /* Controllers */ = {
			isa = PBXGroup;
			children = (
				C565BE84222E51F10096A1FF /* ZZMessageViewController.h */,
				C565BE85222E51F10096A1FF /* ZZMessageViewController.m */,
			);
			path = Controllers;
			sourceTree = "<group>";
		};
		C565BE86222E51F10096A1FF /* Models */ = {
			isa = PBXGroup;
			children = (
			);
			path = Models;
			sourceTree = "<group>";
		};
		C565BE87222E51F10096A1FF /* Views */ = {
			isa = PBXGroup;
			children = (
			);
			path = Views;
			sourceTree = "<group>";
		};
		C565BE88222E51F10096A1FF /* Profile */ = {
			isa = PBXGroup;
			children = (
				C565BE89222E51F10096A1FF /* Controllers */,
				C565BE8C222E51F10096A1FF /* Models */,
				C565BE8D222E51F10096A1FF /* Views */,
			);
			path = Profile;
			sourceTree = "<group>";
		};
		C565BE89222E51F10096A1FF /* Controllers */ = {
			isa = PBXGroup;
			children = (
				C565BE8A222E51F10096A1FF /* ZZProfileViewController.h */,
				C565BE8B222E51F10096A1FF /* ZZProfileViewController.m */,
			);
			path = Controllers;
			sourceTree = "<group>";
		};
		C565BE8C222E51F10096A1FF /* Models */ = {
			isa = PBXGroup;
			children = (
			);
			path = Models;
			sourceTree = "<group>";
		};
		C565BE8D222E51F10096A1FF /* Views */ = {
			isa = PBXGroup;
			children = (
			);
			path = Views;
			sourceTree = "<group>";
		};
		C5BDF0D922292917008EAA13 = {
			isa = PBXGroup;
			children = (
				C5BDF0EB22292917008EAA13 /* iMusic */,
				C5BDF10422292917008EAA13 /* iMusicTests */,
				C5BDF0E422292917008EAA13 /* Frameworks */,
				C5BDF0E322292917008EAA13 /* Products */,
			);
			sourceTree = "<group>";
		};
		C5BDF0E322292917008EAA13 /* Products */ = {
			isa = PBXGroup;
			children = (
				C5BDF0E222292917008EAA13 /* iMusic.app */,
				C5BDF0FD22292917008EAA13 /* iMusicTests.xctest */,
			);
			name = Products;
			sourceTree = "<group>";
		};
		C5BDF0E422292917008EAA13 /* Frameworks */ = {
			isa = PBXGroup;
			children = (
				C5279D3F2229443D00D1F0E0 /* SystemConfiguration.framework */,
				C5279D3D2229442400D1F0E0 /* MobileCoreServices.framework */,
				C5279D1A222940A500D1F0E0 /* libxml2.dylib */,
				C5279D182229407200D1F0E0 /* libz.dylib */,
				C5BDF0E522292917008EAA13 /* Foundation.framework */,
				C5BDF0E722292917008EAA13 /* CoreGraphics.framework */,
				C5BDF0E922292917008EAA13 /* UIKit.framework */,
				C5BDF0FE22292917008EAA13 /* XCTest.framework */,
			);
			name = Frameworks;
			sourceTree = "<group>";
		};
		C5BDF0EB22292917008EAA13 /* iMusic */ = {
			isa = PBXGroup;
			children = (
				C5279CDD22293EC900D1F0E0 /* Classes */,
				C5BDF0EC22292917008EAA13 /* Supporting Files */,
			);
			path = iMusic;
			sourceTree = "<group>";
		};
		C5BDF0EC22292917008EAA13 /* Supporting Files */ = {
			isa = PBXGroup;
			children = (
				C5BDF0F322292917008EAA13 /* iMusic-Prefix.pch */,
				C5BDF0ED22292917008EAA13 /* iMusic-Info.plist */,
				C5BDF0EE22292917008EAA13 /* InfoPlist.strings */,
				C565BE38222E3F090096A1FF /* Microblog_Localization.strings */,
				C5279C9922293C7E00D1F0E0 /* Resource */,
			);
			name = "Supporting Files";
			sourceTree = "<group>";
		};
		C5BDF10422292917008EAA13 /* iMusicTests */ = {
			isa = PBXGroup;
			children = (
				C5BDF10A22292917008EAA13 /* iMusicTests.m */,
				C5BDF10522292917008EAA13 /* Supporting Files */,
			);
			path = iMusicTests;
			sourceTree = "<group>";
		};
		C5BDF10522292917008EAA13 /* Supporting Files */ = {
			isa = PBXGroup;
			children = (
				C5BDF10622292917008EAA13 /* iMusicTests-Info.plist */,
				C5BDF10722292917008EAA13 /* InfoPlist.strings */,
			);
			name = "Supporting Files";
			sourceTree = "<group>";
		};
/* End PBXGroup section */

/* Begin PBXNativeTarget section */
		C5BDF0E122292917008EAA13 /* iMusic */ = {
			isa = PBXNativeTarget;
			buildConfigurationList = C5BDF10E22292917008EAA13 /* Build configuration list for PBXNativeTarget "iMusic" */;
			buildPhases = (
				C5BDF0DE22292917008EAA13 /* Sources */,
				C5BDF0DF22292917008EAA13 /* Frameworks */,
				C5BDF0E022292917008EAA13 /* Resources */,
			);
			buildRules = (
			);
			dependencies = (
			);
			name = iMusic;
			productName = iMusic;
			productReference = C5BDF0E222292917008EAA13 /* iMusic.app */;
			productType = "com.apple.product-type.application";
		};
		C5BDF0FC22292917008EAA13 /* iMusicTests */ = {
			isa = PBXNativeTarget;
			buildConfigurationList = C5BDF11122292917008EAA13 /* Build configuration list for PBXNativeTarget "iMusicTests" */;
			buildPhases = (
				C5BDF0F922292917008EAA13 /* Sources */,
				C5BDF0FA22292917008EAA13 /* Frameworks */,
				C5BDF0FB22292917008EAA13 /* Resources */,
			);
			buildRules = (
			);
			dependencies = (
				C5BDF10322292917008EAA13 /* PBXTargetDependency */,
			);
			name = iMusicTests;
			productName = iMusicTests;
			productReference = C5BDF0FD22292917008EAA13 /* iMusicTests.xctest */;
			productType = "com.apple.product-type.bundle.unit-test";
		};
/* End PBXNativeTarget section */

/* Begin PBXProject section */
		C5BDF0DA22292917008EAA13 /* Project object */ = {
			isa = PBXProject;
			attributes = {
				CLASSPREFIX = ZZ;
				LastUpgradeCheck = 0510;
				ORGANIZATIONNAME = "Tsinghua University";
				TargetAttributes = {
					C5BDF0FC22292917008EAA13 = {
						TestTargetID = C5BDF0E122292917008EAA13;
					};
				};
			};
			buildConfigurationList = C5BDF0DD22292917008EAA13 /* Build configuration list for PBXProject "iMusic" */;
			compatibilityVersion = "Xcode 3.2";
			developmentRegion = English;
			hasScannedForEncodings = 0;
			knownRegions = (
				en,
				"zh-Hans",
			);
			mainGroup = C5BDF0D922292917008EAA13;
			productRefGroup = C5BDF0E322292917008EAA13 /* Products */;
			projectDirPath = "";
			projectRoot = "";
			targets = (
				C5BDF0E122292917008EAA13 /* iMusic */,
				C5BDF0FC22292917008EAA13 /* iMusicTests */,
			);
		};
/* End PBXProject section */

/* Begin PBXResourcesBuildPhase section */
		C5BDF0E022292917008EAA13 /* Resources */ = {
			isa = PBXResourcesBuildPhase;
			buildActionMask = 2147483647;
			files = (
				C5247B25222990CE00B5BDB1 /* nav-bookmarks-on.png in Resources */,
				C5247B24222990CE00B5BDB1 /* nav-bookmarks-off.png in Resources */,
				C5247B2A222990CE00B5BDB1 /* nav-settings-off.png in Resources */,
				C5247B2B222990CE00B5BDB1 /* nav-settings-on.png in Resources */,
				C5BDF0F022292917008EAA13 /* InfoPlist.strings in Resources */,
				C5247B2C222990CE00B5BDB1 /* nav-tabs-off.png in Resources */,
				C565BE30222E38E00096A1FF /* Images.xcassets in Resources */,
				C5247B27222990CE00B5BDB1 /* nav-history-on.png in Resources */,
				C5279C9C22293C7E00D1F0E0 /* icon.png in Resources */,
				C5279CFC22293FD700D1F0E0 /* MBProgressHUD.bundle in Resources */,
				C5247B2D222990CE00B5BDB1 /* nav-tabs-on.png in Resources */,
				C5247B29222990CE00B5BDB1 /* nav-reader-on.png in Resources */,
				C565BE36222E3F090096A1FF /* Microblog_Localization.strings in Resources */,
				C5247B26222990CE00B5BDB1 /* nav-history-off.png in Resources */,
				C565BDE2222E335E0096A1FF /* Default@2x.png in Resources */,
				C5247B28222990CE00B5BDB1 /* nav-reader-off.png in Resources */,
			);
			runOnlyForDeploymentPostprocessing = 0;
		};
		C5BDF0FB22292917008EAA13 /* Resources */ = {
			isa = PBXResourcesBuildPhase;
			buildActionMask = 2147483647;
			files = (
				C5BDF10922292917008EAA13 /* InfoPlist.strings in Resources */,
			);
			runOnlyForDeploymentPostprocessing = 0;
		};
/* End PBXResourcesBuildPhase section */

/* Begin PBXSourcesBuildPhase section */
		C5BDF0DE22292917008EAA13 /* Sources */ = {
			isa = PBXSourcesBuildPhase;
			buildActionMask = 2147483647;
			files = (
				C565BE91222E51F10096A1FF /* ZZMessageViewController.m in Sources */,
				C5279D052229404200D1F0E0 /* UIView+Extension.m in Sources */,
				C5279CC722293E3500D1F0E0 /* UIImage+GIF.m in Sources */,
				C5279CC922293E3500D1F0E0 /* UIImage+WebP.m in Sources */,
				C5279CEB22293F2E00D1F0E0 /* RMStepsBar.m in Sources */,
				C5279CCB22293E3500D1F0E0 /* UIImageView+WebCache.m in Sources */,
				C5279CD822293E9E00D1F0E0 /* Example2PieView.m in Sources */,
				C5279CC522293E3500D1F0E0 /* SDWebImagePrefetcher.m in Sources */,
				C5279CD922293E9E00D1F0E0 /* MyPieElement.m in Sources */,
				C5279CF422293F8300D1F0E0 /* NSString+Hash.m in Sources */,
				C5279D042229404200D1F0E0 /* GDataXMLNode.m in Sources */,
				C5279CBE22293E3500D1F0E0 /* NSData+ImageContentType.m in Sources */,
				C5279D372229436100D1F0E0 /* ASIDownloadCache.m in Sources */,
				C5279CEC22293F2E00D1F0E0 /* RMStepsController.m in Sources */,
				C565BE0C222E35350096A1FF /* UIImage+WB_Extention.m in Sources */,
				C5279D152229406600D1F0E0 /* unzip.c in Sources */,
				C5279D3C2229436100D1F0E0 /* Reachability.m in Sources */,
				C5279D342229436100D1F0E0 /* ASIAuthenticationDialog.m in Sources */,
				C5279CC422293E3500D1F0E0 /* SDWebImageManager.m in Sources */,
				C5279CEA22293F2E00D1F0E0 /* RMStep.m in Sources */,
				C5279CDC22293E9E00D1F0E0 /* PieLayer.m in Sources */,
				C5279CC822293E3500D1F0E0 /* UIImage+MultiFormat.m in Sources */,
				C565BE09222E34FB0096A1FF /* ZZAppDelegate.m in Sources */,
				C5279D3A2229436100D1F0E0 /* ASIInputStream.m in Sources */,
				C5279D132229406600D1F0E0 /* ioapi.c in Sources */,
				C5247AFB22296C3E00B5BDB1 /* main.m in Sources */,
				C5279D3B2229436100D1F0E0 /* ASINetworkQueue.m in Sources */,
				C5279D142229406600D1F0E0 /* mztools.c in Sources */,
				C5279CDA22293E9E00D1F0E0 /* NSMutableArray+pieEx.m in Sources */,
				C5279CC022293E3500D1F0E0 /* SDWebImageCompat.m in Sources */,
				C565BE8F222E51F10096A1FF /* ZZHomeViewController.m in Sources */,
				C5279CC122293E3500D1F0E0 /* SDWebImageDecoder.m in Sources */,
				C5279D162229406600D1F0E0 /* zip.c in Sources */,
				C565BE92222E51F10096A1FF /* ZZProfileViewController.m in Sources */,
				C5279D362229436100D1F0E0 /* ASIDataDecompressor.m in Sources */,
				C5279CFB22293FD700D1F0E0 /* MBProgressHUD+MJ.m in Sources */,
				C5279CBF22293E3500D1F0E0 /* SDImageCache.m in Sources */,
				C5279D172229406600D1F0E0 /* SSZipArchive.m in Sources */,
				C5279CC322293E3500D1F0E0 /* SDWebImageDownloaderOperation.m in Sources */,
				C5279D352229436100D1F0E0 /* ASIDataCompressor.m in Sources */,
				C5279CC622293E3500D1F0E0 /* UIButton+WebCache.m in Sources */,
				C5279CC222293E3500D1F0E0 /* SDWebImageDownloader.m in Sources */,
				C5279CCA22293E3500D1F0E0 /* UIImageView+HighlightedWebCache.m in Sources */,
				C5279D382229436100D1F0E0 /* ASIFormDataRequest.m in Sources */,
				C5279CBD22293E3500D1F0E0 /* MKAnnotationView+WebCache.m in Sources */,
				C5279D44222944C800D1F0E0 /* DACircularProgressView.m in Sources */,
				C5279D392229436100D1F0E0 /* ASIHTTPRequest.m in Sources */,
				C565BE95222E56080096A1FF /* WBMainNavgationController.m in Sources */,
				C565BE8E222E51F10096A1FF /* ZZDiscoverViewController.m in Sources */,
				C5279CDB22293E9E00D1F0E0 /* PieElement.m in Sources */,
				C5279CFD22293FD700D1F0E0 /* MBProgressHUD.m in Sources */,
				C565BE90222E51F10096A1FF /* WBTabBarController.m in Sources */,
			);
			runOnlyForDeploymentPostprocessing = 0;
		};
		C5BDF0F922292917008EAA13 /* Sources */ = {
			isa = PBXSourcesBuildPhase;
			buildActionMask = 2147483647;
			files = (
				C5BDF10B22292917008EAA13 /* iMusicTests.m in Sources */,
			);
			runOnlyForDeploymentPostprocessing = 0;
		};
/* End PBXSourcesBuildPhase section */

/* Begin PBXTargetDependency section */
		C5BDF10322292917008EAA13 /* PBXTargetDependency */ = {
			isa = PBXTargetDependency;
			target = C5BDF0E122292917008EAA13 /* iMusic */;
			targetProxy = C5BDF10222292917008EAA13 /* PBXContainerItemProxy */;
		};
/* End PBXTargetDependency section */

/* Begin PBXVariantGroup section */
		C565BE38222E3F090096A1FF /* Microblog_Localization.strings */ = {
			isa = PBXVariantGroup;
			children = (
				C565BE37222E3F090096A1FF /* zh-Hans */,
				C565BE39222E3F160096A1FF /* en */,
			);
			name = Microblog_Localization.strings;
			sourceTree = "<group>";
		};
		C5BDF0EE22292917008EAA13 /* InfoPlist.strings */ = {
			isa = PBXVariantGroup;
			children = (
				C5BDF0EF22292917008EAA13 /* en */,
				C565BE13222E36FC0096A1FF /* zh-Hans */,
			);
			name = InfoPlist.strings;
			sourceTree = "<group>";
		};
		C5BDF10722292917008EAA13 /* InfoPlist.strings */ = {
			isa = PBXVariantGroup;
			children = (
				C5BDF10822292917008EAA13 /* en */,
				C565BE14222E36FC0096A1FF /* zh-Hans */,
			);
			name = InfoPlist.strings;
			sourceTree = "<group>";
		};
/* End PBXVariantGroup section */

/* Begin XCBuildConfiguration section */
		C5BDF10C22292917008EAA13 /* Debug */ = {
			isa = XCBuildConfiguration;
			buildSettings = {
				ALWAYS_SEARCH_USER_PATHS = NO;
				CLANG_CXX_LANGUAGE_STANDARD = "gnu++0x";
				CLANG_CXX_LIBRARY = "libc++";
				CLANG_ENABLE_MODULES = YES;
				CLANG_ENABLE_OBJC_ARC = YES;
				CLANG_WARN_BOOL_CONVERSION = YES;
				CLANG_WARN_CONSTANT_CONVERSION = YES;
				CLANG_WARN_DIRECT_OBJC_ISA_USAGE = YES_ERROR;
				CLANG_WARN_EMPTY_BODY = YES;
				CLANG_WARN_ENUM_CONVERSION = YES;
				CLANG_WARN_INT_CONVERSION = YES;
				CLANG_WARN_OBJC_ROOT_CLASS = YES_ERROR;
				CLANG_WARN__DUPLICATE_METHOD_MATCH = YES;
				"CODE_SIGN_IDENTITY[sdk=iphoneos*]" = "iPhone Developer";
				COPY_PHASE_STRIP = NO;
				GCC_C_LANGUAGE_STANDARD = gnu99;
				GCC_DYNAMIC_NO_PIC = NO;
				GCC_OPTIMIZATION_LEVEL = 0;
				GCC_PREPROCESSOR_DEFINITIONS = (
					"DEBUG=1",
					"$(inherited)",
				);
				GCC_SYMBOLS_PRIVATE_EXTERN = NO;
				GCC_WARN_64_TO_32_BIT_CONVERSION = YES;
				GCC_WARN_ABOUT_RETURN_TYPE = YES_ERROR;
				GCC_WARN_UNDECLARED_SELECTOR = YES;
				GCC_WARN_UNINITIALIZED_AUTOS = YES_AGGRESSIVE;
				GCC_WARN_UNUSED_FUNCTION = YES;
				GCC_WARN_UNUSED_VARIABLE = YES;
				IPHONEOS_DEPLOYMENT_TARGET = 5.0;
				ONLY_ACTIVE_ARCH = YES;
				SDKROOT = iphoneos;
				TARGETED_DEVICE_FAMILY = "1,2";
			};
			name = Debug;
		};
		C5BDF10D22292917008EAA13 /* Release */ = {
			isa = XCBuildConfiguration;
			buildSettings = {
				ALWAYS_SEARCH_USER_PATHS = NO;
				CLANG_CXX_LANGUAGE_STANDARD = "gnu++0x";
				CLANG_CXX_LIBRARY = "libc++";
				CLANG_ENABLE_MODULES = YES;
				CLANG_ENABLE_OBJC_ARC = YES;
				CLANG_WARN_BOOL_CONVERSION = YES;
				CLANG_WARN_CONSTANT_CONVERSION = YES;
				CLANG_WARN_DIRECT_OBJC_ISA_USAGE = YES_ERROR;
				CLANG_WARN_EMPTY_BODY = YES;
				CLANG_WARN_ENUM_CONVERSION = YES;
				CLANG_WARN_INT_CONVERSION = YES;
				CLANG_WARN_OBJC_ROOT_CLASS = YES_ERROR;
				CLANG_WARN__DUPLICATE_METHOD_MATCH = YES;
				"CODE_SIGN_IDENTITY[sdk=iphoneos*]" = "iPhone Developer";
				COPY_PHASE_STRIP = YES;
				ENABLE_NS_ASSERTIONS = NO;
				GCC_C_LANGUAGE_STANDARD = gnu99;
				GCC_WARN_64_TO_32_BIT_CONVERSION = YES;
				GCC_WARN_ABOUT_RETURN_TYPE = YES_ERROR;
				GCC_WARN_UNDECLARED_SELECTOR = YES;
				GCC_WARN_UNINITIALIZED_AUTOS = YES_AGGRESSIVE;
				GCC_WARN_UNUSED_FUNCTION = YES;
				GCC_WARN_UNUSED_VARIABLE = YES;
				IPHONEOS_DEPLOYMENT_TARGET = 5.0;
				SDKROOT = iphoneos;
				TARGETED_DEVICE_FAMILY = "1,2";
				VALIDATE_PRODUCT = YES;
			};
			name = Release;
		};
		C5BDF10F22292917008EAA13 /* Debug */ = {
			isa = XCBuildConfiguration;
			buildSettings = {
				ASSETCATALOG_COMPILER_APPICON_NAME = AppIcon;
				ASSETCATALOG_COMPILER_LAUNCHIMAGE_NAME = LaunchImage;
				GCC_PRECOMPILE_PREFIX_HEADER = YES;
				GCC_PREFIX_HEADER = "iMusic/iMusic-Prefix.pch";
				HEADER_SEARCH_PATHS = (
					"$(inherited)",
					/Applications/Xcode.app/Contents/Developer/Toolchains/XcodeDefault.xctoolchain/usr/include,
					/usr/include/libxml2,
				);
				INFOPLIST_FILE = "iMusic/iMusic-Info.plist";
				OTHER_LDFLAGS = "-lxml2";
				PRODUCT_NAME = "$(TARGET_NAME)";
				TARGETED_DEVICE_FAMILY = 1;
				WRAPPER_EXTENSION = app;
			};
			name = Debug;
		};
		C5BDF11022292917008EAA13 /* Release */ = {
			isa = XCBuildConfiguration;
			buildSettings = {
				ASSETCATALOG_COMPILER_APPICON_NAME = AppIcon;
				ASSETCATALOG_COMPILER_LAUNCHIMAGE_NAME = LaunchImage;
				GCC_PRECOMPILE_PREFIX_HEADER = YES;
				GCC_PREFIX_HEADER = "iMusic/iMusic-Prefix.pch";
				HEADER_SEARCH_PATHS = (
					"$(inherited)",
					/Applications/Xcode.app/Contents/Developer/Toolchains/XcodeDefault.xctoolchain/usr/include,
					/usr/include/libxml2,
				);
				INFOPLIST_FILE = "iMusic/iMusic-Info.plist";
				OTHER_LDFLAGS = "-lxml2";
				PRODUCT_NAME = "$(TARGET_NAME)";
				TARGETED_DEVICE_FAMILY = 1;
				WRAPPER_EXTENSION = app;
			};
			name = Release;
		};
		C5BDF11222292917008EAA13 /* Debug */ = {
			isa = XCBuildConfiguration;
			buildSettings = {
				BUNDLE_LOADER = "$(BUILT_PRODUCTS_DIR)/iMusic.app/iMusic";
				FRAMEWORK_SEARCH_PATHS = (
					"$(SDKROOT)/Developer/Library/Frameworks",
					"$(inherited)",
					"$(DEVELOPER_FRAMEWORKS_DIR)",
				);
				GCC_PRECOMPILE_PREFIX_HEADER = YES;
				GCC_PREFIX_HEADER = "iMusic/iMusic-Prefix.pch";
				GCC_PREPROCESSOR_DEFINITIONS = (
					"DEBUG=1",
					"$(inherited)",
				);
				INFOPLIST_FILE = "iMusicTests/iMusicTests-Info.plist";
				PRODUCT_NAME = "$(TARGET_NAME)";
				TEST_HOST = "$(BUNDLE_LOADER)";
				WRAPPER_EXTENSION = xctest;
			};
			name = Debug;
		};
		C5BDF11322292917008EAA13 /* Release */ = {
			isa = XCBuildConfiguration;
			buildSettings = {
				BUNDLE_LOADER = "$(BUILT_PRODUCTS_DIR)/iMusic.app/iMusic";
				FRAMEWORK_SEARCH_PATHS = (
					"$(SDKROOT)/Developer/Library/Frameworks",
					"$(inherited)",
					"$(DEVELOPER_FRAMEWORKS_DIR)",
				);
				GCC_PRECOMPILE_PREFIX_HEADER = YES;
				GCC_PREFIX_HEADER = "iMusic/iMusic-Prefix.pch";
				INFOPLIST_FILE = "iMusicTests/iMusicTests-Info.plist";
				PRODUCT_NAME = "$(TARGET_NAME)";
				TEST_HOST = "$(BUNDLE_LOADER)";
				WRAPPER_EXTENSION = xctest;
			};
			name = Release;
		};
/* End XCBuildConfiguration section */

/* Begin XCConfigurationList section */
		C5BDF0DD22292917008EAA13 /* Build configuration list for PBXProject "iMusic" */ = {
			isa = XCConfigurationList;
			buildConfigurations = (
				C5BDF10C22292917008EAA13 /* Debug */,
				C5BDF10D22292917008EAA13 /* Release */,
			);
			defaultConfigurationIsVisible = 0;
			defaultConfigurationName = Release;
		};
		C5BDF10E22292917008EAA13 /* Build configuration list for PBXNativeTarget "iMusic" */ = {
			isa = XCConfigurationList;
			buildConfigurations = (
				C5BDF10F22292917008EAA13 /* Debug */,
				C5BDF11022292917008EAA13 /* Release */,
			);
			defaultConfigurationIsVisible = 0;
			defaultConfigurationName = Release;
		};
		C5BDF11122292917008EAA13 /* Build configuration list for PBXNativeTarget "iMusicTests" */ = {
			isa = XCConfigurationList;
			buildConfigurations = (
				C5BDF11222292917008EAA13 /* Debug */,
				C5BDF11322292917008EAA13 /* Release */,
			);
			defaultConfigurationIsVisible = 0;
			defaultConfigurationName = Release;
		};
/* End XCConfigurationList section */
	};
	rootObject = C5BDF0DA22292917008EAA13 /* Project object */;
}
